// !$*UTF8*$!
{
	archiveVersion = 1;
	classes = {
	};
	objectVersion = 46;
	objects = {

/* Begin PBXBuildFile section */
		29C42157F70370268472C6B2 /* Pods_LoginForm.framework in Frameworks */ = {isa = PBXBuildFile; fileRef = B01AFB9E02CAAB1386608704 /* Pods_LoginForm.framework */; };
		7AA391909236CD3376458A8E /* Pods_LoginFormUITests.framework in Frameworks */ = {isa = PBXBuildFile; fileRef = 5B195314E8ABC207F607D3B0 /* Pods_LoginFormUITests.framework */; };
		E4A92EE31E9B90C400F36D9A /* AppDelegate.swift in Sources */ = {isa = PBXBuildFile; fileRef = E4A92EE21E9B90C400F36D9A /* AppDelegate.swift */; };
		E4A92EE51E9B90C400F36D9A /* ViewController.swift in Sources */ = {isa = PBXBuildFile; fileRef = E4A92EE41E9B90C400F36D9A /* ViewController.swift */; };
		E4A92EE81E9B90C400F36D9A /* Main.storyboard in Resources */ = {isa = PBXBuildFile; fileRef = E4A92EE61E9B90C400F36D9A /* Main.storyboard */; };
		E4A92EEA1E9B90C400F36D9A /* Assets.xcassets in Resources */ = {isa = PBXBuildFile; fileRef = E4A92EE91E9B90C400F36D9A /* Assets.xcassets */; };
		E4A92EED1E9B90C400F36D9A /* LaunchScreen.storyboard in Resources */ = {isa = PBXBuildFile; fileRef = E4A92EEB1E9B90C400F36D9A /* LaunchScreen.storyboard */; };
		E4A92EF81E9B90C400F36D9A /* LoginFormUITests.swift in Sources */ = {isa = PBXBuildFile; fileRef = E4A92EF71E9B90C400F36D9A /* LoginFormUITests.swift */; };
		E4A92F031E9B93E400F36D9A /* LoginFormTestsWithAutoMate.swift in Sources */ = {isa = PBXBuildFile; fileRef = E4A92F021E9B93E400F36D9A /* LoginFormTestsWithAutoMate.swift */; };
/* End PBXBuildFile section */

/* Begin PBXContainerItemProxy section */
		E4A92EF41E9B90C400F36D9A /* PBXContainerItemProxy */ = {
			isa = PBXContainerItemProxy;
			containerPortal = E4A92ED71E9B90C400F36D9A /* Project object */;
			proxyType = 1;
			remoteGlobalIDString = E4A92EDE1E9B90C400F36D9A;
			remoteInfo = LoginForm;
		};
/* End PBXContainerItemProxy section */

/* Begin PBXFileReference section */
		0AE3F9B5D3C00B31C8A4FB02 /* Pods-LoginFormUITests.debug.xcconfig */ = {isa = PBXFileReference; includeInIndex = 1; lastKnownFileType = text.xcconfig; name = "Pods-LoginFormUITests.debug.xcconfig"; path = "Pods/Target Support Files/Pods-LoginFormUITests/Pods-LoginFormUITests.debug.xcconfig"; sourceTree = "<group>"; };
		3709F8375473F454A1F1765C /* Pods-LoginForm.debug.xcconfig */ = {isa = PBXFileReference; includeInIndex = 1; lastKnownFileType = text.xcconfig; name = "Pods-LoginForm.debug.xcconfig"; path = "Pods/Target Support Files/Pods-LoginForm/Pods-LoginForm.debug.xcconfig"; sourceTree = "<group>"; };
		4DEC4B659D61CA617B39312F /* Pods-LoginFormUITests.release.xcconfig */ = {isa = PBXFileReference; includeInIndex = 1; lastKnownFileType = text.xcconfig; name = "Pods-LoginFormUITests.release.xcconfig"; path = "Pods/Target Support Files/Pods-LoginFormUITests/Pods-LoginFormUITests.release.xcconfig"; sourceTree = "<group>"; };
		5B195314E8ABC207F607D3B0 /* Pods_LoginFormUITests.framework */ = {isa = PBXFileReference; explicitFileType = wrapper.framework; includeInIndex = 0; path = Pods_LoginFormUITests.framework; sourceTree = BUILT_PRODUCTS_DIR; };
		B01AFB9E02CAAB1386608704 /* Pods_LoginForm.framework */ = {isa = PBXFileReference; explicitFileType = wrapper.framework; includeInIndex = 0; path = Pods_LoginForm.framework; sourceTree = BUILT_PRODUCTS_DIR; };
		E4A92EDF1E9B90C400F36D9A /* LoginForm.app */ = {isa = PBXFileReference; explicitFileType = wrapper.application; includeInIndex = 0; path = LoginForm.app; sourceTree = BUILT_PRODUCTS_DIR; };
		E4A92EE21E9B90C400F36D9A /* AppDelegate.swift */ = {isa = PBXFileReference; lastKnownFileType = sourcecode.swift; path = AppDelegate.swift; sourceTree = "<group>"; };
		E4A92EE41E9B90C400F36D9A /* ViewController.swift */ = {isa = PBXFileReference; lastKnownFileType = sourcecode.swift; path = ViewController.swift; sourceTree = "<group>"; };
		E4A92EE71E9B90C400F36D9A /* Base */ = {isa = PBXFileReference; lastKnownFileType = file.storyboard; name = Base; path = Base.lproj/Main.storyboard; sourceTree = "<group>"; };
		E4A92EE91E9B90C400F36D9A /* Assets.xcassets */ = {isa = PBXFileReference; lastKnownFileType = folder.assetcatalog; path = Assets.xcassets; sourceTree = "<group>"; };
		E4A92EEC1E9B90C400F36D9A /* Base */ = {isa = PBXFileReference; lastKnownFileType = file.storyboard; name = Base; path = Base.lproj/LaunchScreen.storyboard; sourceTree = "<group>"; };
		E4A92EEE1E9B90C400F36D9A /* Info.plist */ = {isa = PBXFileReference; lastKnownFileType = text.plist.xml; path = Info.plist; sourceTree = "<group>"; };
		E4A92EF31E9B90C400F36D9A /* LoginFormUITests.xctest */ = {isa = PBXFileReference; explicitFileType = wrapper.cfbundle; includeInIndex = 0; path = LoginFormUITests.xctest; sourceTree = BUILT_PRODUCTS_DIR; };
		E4A92EF71E9B90C400F36D9A /* LoginFormUITests.swift */ = {isa = PBXFileReference; lastKnownFileType = sourcecode.swift; path = LoginFormUITests.swift; sourceTree = "<group>"; };
		E4A92EF91E9B90C400F36D9A /* Info.plist */ = {isa = PBXFileReference; lastKnownFileType = text.plist.xml; path = Info.plist; sourceTree = "<group>"; };
		E4A92F021E9B93E400F36D9A /* LoginFormTestsWithAutoMate.swift */ = {isa = PBXFileReference; fileEncoding = 4; lastKnownFileType = sourcecode.swift; path = LoginFormTestsWithAutoMate.swift; sourceTree = "<group>"; };
		E8E216A66DF6A05160585EC0 /* Pods-LoginForm.release.xcconfig */ = {isa = PBXFileReference; includeInIndex = 1; lastKnownFileType = text.xcconfig; name = "Pods-LoginForm.release.xcconfig"; path = "Pods/Target Support Files/Pods-LoginForm/Pods-LoginForm.release.xcconfig"; sourceTree = "<group>"; };
/* End PBXFileReference section */

/* Begin PBXFrameworksBuildPhase section */
		E4A92EDC1E9B90C400F36D9A /* Frameworks */ = {
			isa = PBXFrameworksBuildPhase;
			buildActionMask = 2147483647;
			files = (
				29C42157F70370268472C6B2 /* Pods_LoginForm.framework in Frameworks */,
			);
			runOnlyForDeploymentPostprocessing = 0;
		};
		E4A92EF01E9B90C400F36D9A /* Frameworks */ = {
			isa = PBXFrameworksBuildPhase;
			buildActionMask = 2147483647;
			files = (
				7AA391909236CD3376458A8E /* Pods_LoginFormUITests.framework in Frameworks */,
			);
			runOnlyForDeploymentPostprocessing = 0;
		};
/* End PBXFrameworksBuildPhase section */

/* Begin PBXGroup section */
		7CAA645AF2ECAD6EC6BBB1CA /* Frameworks */ = {
			isa = PBXGroup;
			children = (
				B01AFB9E02CAAB1386608704 /* Pods_LoginForm.framework */,
				5B195314E8ABC207F607D3B0 /* Pods_LoginFormUITests.framework */,
			);
			name = Frameworks;
			sourceTree = "<group>";
		};
		DBE1266739D09AE017C36308 /* Pods */ = {
			isa = PBXGroup;
			children = (
				3709F8375473F454A1F1765C /* Pods-LoginForm.debug.xcconfig */,
				E8E216A66DF6A05160585EC0 /* Pods-LoginForm.release.xcconfig */,
				0AE3F9B5D3C00B31C8A4FB02 /* Pods-LoginFormUITests.debug.xcconfig */,
				4DEC4B659D61CA617B39312F /* Pods-LoginFormUITests.release.xcconfig */,
			);
			name = Pods;
			sourceTree = "<group>";
		};
		E4A92ED61E9B90C400F36D9A = {
			isa = PBXGroup;
			children = (
				E4A92EE11E9B90C400F36D9A /* LoginForm */,
				E4A92EF61E9B90C400F36D9A /* LoginFormUITests */,
				E4A92EE01E9B90C400F36D9A /* Products */,
				DBE1266739D09AE017C36308 /* Pods */,
				7CAA645AF2ECAD6EC6BBB1CA /* Frameworks */,
			);
			sourceTree = "<group>";
		};
		E4A92EE01E9B90C400F36D9A /* Products */ = {
			isa = PBXGroup;
			children = (
				E4A92EDF1E9B90C400F36D9A /* LoginForm.app */,
				E4A92EF31E9B90C400F36D9A /* LoginFormUITests.xctest */,
			);
			name = Products;
			sourceTree = "<group>";
		};
		E4A92EE11E9B90C400F36D9A /* LoginForm */ = {
			isa = PBXGroup;
			children = (
				E4A92EE21E9B90C400F36D9A /* AppDelegate.swift */,
				E4A92EE41E9B90C400F36D9A /* ViewController.swift */,
				E4A92EE61E9B90C400F36D9A /* Main.storyboard */,
				E4A92EE91E9B90C400F36D9A /* Assets.xcassets */,
				E4A92EEB1E9B90C400F36D9A /* LaunchScreen.storyboard */,
				E4A92EEE1E9B90C400F36D9A /* Info.plist */,
			);
			path = LoginForm;
			sourceTree = "<group>";
		};
		E4A92EF61E9B90C400F36D9A /* LoginFormUITests */ = {
			isa = PBXGroup;
			children = (
				E4A92EF71E9B90C400F36D9A /* LoginFormUITests.swift */,
				E4A92EF91E9B90C400F36D9A /* Info.plist */,
				E4A92F021E9B93E400F36D9A /* LoginFormTestsWithAutoMate.swift */,
			);
			path = LoginFormUITests;
			sourceTree = "<group>";
		};
/* End PBXGroup section */

/* Begin PBXNativeTarget section */
		E4A92EDE1E9B90C400F36D9A /* LoginForm */ = {
			isa = PBXNativeTarget;
			buildConfigurationList = E4A92EFC1E9B90C400F36D9A /* Build configuration list for PBXNativeTarget "LoginForm" */;
			buildPhases = (
				F1719460802AA2C5F64830C7 /* [CP] Check Pods Manifest.lock */,
				E4A92EDB1E9B90C400F36D9A /* Sources */,
				E4A92EDC1E9B90C400F36D9A /* Frameworks */,
				E4A92EDD1E9B90C400F36D9A /* Resources */,
				378E8A90294C0727D561EEE8 /* [CP] Embed Pods Frameworks */,
				F4B645BDF8FBF73963E43308 /* [CP] Copy Pods Resources */,
			);
			buildRules = (
			);
			dependencies = (
			);
			name = LoginForm;
			productName = LoginForm;
			productReference = E4A92EDF1E9B90C400F36D9A /* LoginForm.app */;
			productType = "com.apple.product-type.application";
		};
		E4A92EF21E9B90C400F36D9A /* LoginFormUITests */ = {
			isa = PBXNativeTarget;
			buildConfigurationList = E4A92EFF1E9B90C400F36D9A /* Build configuration list for PBXNativeTarget "LoginFormUITests" */;
			buildPhases = (
				29F5199D4908A9C896E0C3DA /* [CP] Check Pods Manifest.lock */,
				E4A92EEF1E9B90C400F36D9A /* Sources */,
				E4A92EF01E9B90C400F36D9A /* Frameworks */,
				E4A92EF11E9B90C400F36D9A /* Resources */,
				E29E783E799720F73CDF5501 /* [CP] Embed Pods Frameworks */,
				3D517624D848D6D775B52BC9 /* [CP] Copy Pods Resources */,
			);
			buildRules = (
			);
			dependencies = (
				E4A92EF51E9B90C400F36D9A /* PBXTargetDependency */,
			);
			name = LoginFormUITests;
			productName = LoginFormUITests;
			productReference = E4A92EF31E9B90C400F36D9A /* LoginFormUITests.xctest */;
			productType = "com.apple.product-type.bundle.ui-testing";
		};
/* End PBXNativeTarget section */

/* Begin PBXProject section */
		E4A92ED71E9B90C400F36D9A /* Project object */ = {
			isa = PBXProject;
			attributes = {
				LastSwiftUpdateCheck = 0830;
				LastUpgradeCheck = 0830;
				ORGANIZATIONNAME = "PGS Software";
				TargetAttributes = {
					E4A92EDE1E9B90C400F36D9A = {
						CreatedOnToolsVersion = 8.3;
						DevelopmentTeam = 36CHZQXF4C;
						ProvisioningStyle = Automatic;
					};
					E4A92EF21E9B90C400F36D9A = {
						CreatedOnToolsVersion = 8.3;
						DevelopmentTeam = 36CHZQXF4C;
						ProvisioningStyle = Automatic;
						TestTargetID = E4A92EDE1E9B90C400F36D9A;
					};
				};
			};
			buildConfigurationList = E4A92EDA1E9B90C400F36D9A /* Build configuration list for PBXProject "LoginForm" */;
			compatibilityVersion = "Xcode 3.2";
			developmentRegion = English;
			hasScannedForEncodings = 0;
			knownRegions = (
				en,
				Base,
			);
			mainGroup = E4A92ED61E9B90C400F36D9A;
			productRefGroup = E4A92EE01E9B90C400F36D9A /* Products */;
			projectDirPath = "";
			projectRoot = "";
			targets = (
				E4A92EDE1E9B90C400F36D9A /* LoginForm */,
				E4A92EF21E9B90C400F36D9A /* LoginFormUITests */,
			);
		};
/* End PBXProject section */

/* Begin PBXResourcesBuildPhase section */
		E4A92EDD1E9B90C400F36D9A /* Resources */ = {
			isa = PBXResourcesBuildPhase;
			buildActionMask = 2147483647;
			files = (
				E4A92EED1E9B90C400F36D9A /* LaunchScreen.storyboard in Resources */,
				E4A92EEA1E9B90C400F36D9A /* Assets.xcassets in Resources */,
				E4A92EE81E9B90C400F36D9A /* Main.storyboard in Resources */,
			);
			runOnlyForDeploymentPostprocessing = 0;
		};
		E4A92EF11E9B90C400F36D9A /* Resources */ = {
			isa = PBXResourcesBuildPhase;
			buildActionMask = 2147483647;
			files = (
			);
			runOnlyForDeploymentPostprocessing = 0;
		};
/* End PBXResourcesBuildPhase section */

/* Begin PBXShellScriptBuildPhase section */
		29F5199D4908A9C896E0C3DA /* [CP] Check Pods Manifest.lock */ = {
			isa = PBXShellScriptBuildPhase;
			buildActionMask = 2147483647;
			files = (
			);
			inputPaths = (
			);
			name = "[CP] Check Pods Manifest.lock";
			outputPaths = (
			);
			runOnlyForDeploymentPostprocessing = 0;
			shellPath = /bin/sh;
			shellScript = "diff \"${PODS_ROOT}/../Podfile.lock\" \"${PODS_ROOT}/Manifest.lock\" > /dev/null\nif [ $? != 0 ] ; then\n    # print error to STDERR\n    echo \"error: The sandbox is not in sync with the Podfile.lock. Run 'pod install' or update your CocoaPods installation.\" >&2\n    exit 1\nfi\n";
			showEnvVarsInLog = 0;
		};
		378E8A90294C0727D561EEE8 /* [CP] Embed Pods Frameworks */ = {
			isa = PBXShellScriptBuildPhase;
			buildActionMask = 2147483647;
			files = (
			);
			inputPaths = (
			);
			name = "[CP] Embed Pods Frameworks";
			outputPaths = (
			);
			runOnlyForDeploymentPostprocessing = 0;
			shellPath = /bin/sh;
			shellScript = "\"${SRCROOT}/Pods/Target Support Files/Pods-LoginForm/Pods-LoginForm-frameworks.sh\"\n";
			showEnvVarsInLog = 0;
		};
		3D517624D848D6D775B52BC9 /* [CP] Copy Pods Resources */ = {
			isa = PBXShellScriptBuildPhase;
			buildActionMask = 2147483647;
			files = (
			);
			inputPaths = (
			);
			name = "[CP] Copy Pods Resources";
			outputPaths = (
			);
			runOnlyForDeploymentPostprocessing = 0;
			shellPath = /bin/sh;
			shellScript = "\"${SRCROOT}/Pods/Target Support Files/Pods-LoginFormUITests/Pods-LoginFormUITests-resources.sh\"\n";
			showEnvVarsInLog = 0;
		};
		E29E783E799720F73CDF5501 /* [CP] Embed Pods Frameworks */ = {
			isa = PBXShellScriptBuildPhase;
			buildActionMask = 2147483647;
			files = (
			);
			inputPaths = (
			);
			name = "[CP] Embed Pods Frameworks";
			outputPaths = (
			);
			runOnlyForDeploymentPostprocessing = 0;
			shellPath = /bin/sh;
			shellScript = "\"${SRCROOT}/Pods/Target Support Files/Pods-LoginFormUITests/Pods-LoginFormUITests-frameworks.sh\"\n";
			showEnvVarsInLog = 0;
		};
		F1719460802AA2C5F64830C7 /* [CP] Check Pods Manifest.lock */ = {
			isa = PBXShellScriptBuildPhase;
			buildActionMask = 2147483647;
			files = (
			);
			inputPaths = (
			);
			name = "[CP] Check Pods Manifest.lock";
			outputPaths = (
			);
			runOnlyForDeploymentPostprocessing = 0;
			shellPath = /bin/sh;
			shellScript = "diff \"${PODS_ROOT}/../Podfile.lock\" \"${PODS_ROOT}/Manifest.lock\" > /dev/null\nif [ $? != 0 ] ; then\n    # print error to STDERR\n    echo \"error: The sandbox is not in sync with the Podfile.lock. Run 'pod install' or update your CocoaPods installation.\" >&2\n    exit 1\nfi\n";
			showEnvVarsInLog = 0;
		};
		F4B645BDF8FBF73963E43308 /* [CP] Copy Pods Resources */ = {
			isa = PBXShellScriptBuildPhase;
			buildActionMask = 2147483647;
			files = (
			);
			inputPaths = (
			);
			name = "[CP] Copy Pods Resources";
			outputPaths = (
			);
			runOnlyForDeploymentPostprocessing = 0;
			shellPath = /bin/sh;
			shellScript = "\"${SRCROOT}/Pods/Target Support Files/Pods-LoginForm/Pods-LoginForm-resources.sh\"\n";
			showEnvVarsInLog = 0;
		};
/* End PBXShellScriptBuildPhase section */

/* Begin PBXSourcesBuildPhase section */
		E4A92EDB1E9B90C400F36D9A /* Sources */ = {
			isa = PBXSourcesBuildPhase;
			buildActionMask = 2147483647;
			files = (
				E4A92EE51E9B90C400F36D9A /* ViewController.swift in Sources */,
				E4A92EE31E9B90C400F36D9A /* AppDelegate.swift in Sources */,
			);
			runOnlyForDeploymentPostprocessing = 0;
		};
		E4A92EEF1E9B90C400F36D9A /* Sources */ = {
			isa = PBXSourcesBuildPhase;
			buildActionMask = 2147483647;
			files = (
				E4A92F031E9B93E400F36D9A /* LoginFormTestsWithAutoMate.swift in Sources */,
				E4A92EF81E9B90C400F36D9A /* LoginFormUITests.swift in Sources */,
			);
			runOnlyForDeploymentPostprocessing = 0;
		};
/* End PBXSourcesBuildPhase section */

/* Begin PBXTargetDependency section */
		E4A92EF51E9B90C400F36D9A /* PBXTargetDependency */ = {
			isa = PBXTargetDependency;
			target = E4A92EDE1E9B90C400F36D9A /* LoginForm */;
			targetProxy = E4A92EF41E9B90C400F36D9A /* PBXContainerItemProxy */;
		};
/* End PBXTargetDependency section */

/* Begin PBXVariantGroup section */
		E4A92EE61E9B90C400F36D9A /* Main.storyboard */ = {
			isa = PBXVariantGroup;
			children = (
				E4A92EE71E9B90C400F36D9A /* Base */,
			);
			name = Main.storyboard;
			sourceTree = "<group>";
		};
		E4A92EEB1E9B90C400F36D9A /* LaunchScreen.storyboard */ = {
			isa = PBXVariantGroup;
			children = (
				E4A92EEC1E9B90C400F36D9A /* Base */,
			);
			name = LaunchScreen.storyboard;
			sourceTree = "<group>";
		};
/* End PBXVariantGroup section */

/* Begin XCBuildConfiguration section */
		E4A92EFA1E9B90C400F36D9A /* Debug */ = {
			isa = XCBuildConfiguration;
			buildSettings = {
				ALWAYS_SEARCH_USER_PATHS = NO;
				CLANG_ANALYZER_NONNULL = YES;
				CLANG_ANALYZER_NUMBER_OBJECT_CONVERSION = YES_AGGRESSIVE;
				CLANG_CXX_LANGUAGE_STANDARD = "gnu++0x";
				CLANG_CXX_LIBRARY = "libc++";
				CLANG_ENABLE_MODULES = YES;
				CLANG_ENABLE_OBJC_ARC = YES;
				CLANG_WARN_BOOL_CONVERSION = YES;
				CLANG_WARN_CONSTANT_CONVERSION = YES;
				CLANG_WARN_DIRECT_OBJC_ISA_USAGE = YES_ERROR;
				CLANG_WARN_DOCUMENTATION_COMMENTS = YES;
				CLANG_WARN_EMPTY_BODY = YES;
				CLANG_WARN_ENUM_CONVERSION = YES;
				CLANG_WARN_INFINITE_RECURSION = YES;
				CLANG_WARN_INT_CONVERSION = YES;
				CLANG_WARN_OBJC_ROOT_CLASS = YES_ERROR;
				CLANG_WARN_SUSPICIOUS_MOVE = YES;
				CLANG_WARN_UNREACHABLE_CODE = YES;
				CLANG_WARN__DUPLICATE_METHOD_MATCH = YES;
				"CODE_SIGN_IDENTITY[sdk=iphoneos*]" = "iPhone Developer";
				COPY_PHASE_STRIP = NO;
				DEBUG_INFORMATION_FORMAT = dwarf;
				ENABLE_STRICT_OBJC_MSGSEND = YES;
				ENABLE_TESTABILITY = YES;
				GCC_C_LANGUAGE_STANDARD = gnu99;
				GCC_DYNAMIC_NO_PIC = NO;
				GCC_NO_COMMON_BLOCKS = YES;
				GCC_OPTIMIZATION_LEVEL = 0;
				GCC_PREPROCESSOR_DEFINITIONS = (
					"DEBUG=1",
					"$(inherited)",
				);
				GCC_WARN_64_TO_32_BIT_CONVERSION = YES;
				GCC_WARN_ABOUT_RETURN_TYPE = YES_ERROR;
				GCC_WARN_UNDECLARED_SELECTOR = YES;
				GCC_WARN_UNINITIALIZED_AUTOS = YES_AGGRESSIVE;
				GCC_WARN_UNUSED_FUNCTION = YES;
				GCC_WARN_UNUSED_VARIABLE = YES;
				IPHONEOS_DEPLOYMENT_TARGET = 10.3;
				MTL_ENABLE_DEBUG_INFO = YES;
				ONLY_ACTIVE_ARCH = YES;
				SDKROOT = iphoneos;
				SWIFT_ACTIVE_COMPILATION_CONDITIONS = DEBUG;
				SWIFT_OPTIMIZATION_LEVEL = "-Onone";
				TARGETED_DEVICE_FAMILY = "1,2";
			};
			name = Debug;
		};
		E4A92EFB1E9B90C400F36D9A /* Release */ = {
			isa = XCBuildConfiguration;
			buildSettings = {
				ALWAYS_SEARCH_USER_PATHS = NO;
				CLANG_ANALYZER_NONNULL = YES;
				CLANG_ANALYZER_NUMBER_OBJECT_CONVERSION = YES_AGGRESSIVE;
				CLANG_CXX_LANGUAGE_STANDARD = "gnu++0x";
				CLANG_CXX_LIBRARY = "libc++";
				CLANG_ENABLE_MODULES = YES;
				CLANG_ENABLE_OBJC_ARC = YES;
				CLANG_WARN_BOOL_CONVERSION = YES;
				CLANG_WARN_CONSTANT_CONVERSION = YES;
				CLANG_WARN_DIRECT_OBJC_ISA_USAGE = YES_ERROR;
				CLANG_WARN_DOCUMENTATION_COMMENTS = YES;
				CLANG_WARN_EMPTY_BODY = YES;
				CLANG_WARN_ENUM_CONVERSION = YES;
				CLANG_WARN_INFINITE_RECURSION = YES;
				CLANG_WARN_INT_CONVERSION = YES;
				CLANG_WARN_OBJC_ROOT_CLASS = YES_ERROR;
				CLANG_WARN_SUSPICIOUS_MOVE = YES;
				CLANG_WARN_UNREACHABLE_CODE = YES;
				CLANG_WARN__DUPLICATE_METHOD_MATCH = YES;
				"CODE_SIGN_IDENTITY[sdk=iphoneos*]" = "iPhone Developer";
				COPY_PHASE_STRIP = NO;
				DEBUG_INFORMATION_FORMAT = "dwarf-with-dsym";
				ENABLE_NS_ASSERTIONS = NO;
				ENABLE_STRICT_OBJC_MSGSEND = YES;
				GCC_C_LANGUAGE_STANDARD = gnu99;
				GCC_NO_COMMON_BLOCKS = YES;
				GCC_WARN_64_TO_32_BIT_CONVERSION = YES;
				GCC_WARN_ABOUT_RETURN_TYPE = YES_ERROR;
				GCC_WARN_UNDECLARED_SELECTOR = YES;
				GCC_WARN_UNINITIALIZED_AUTOS = YES_AGGRESSIVE;
				GCC_WARN_UNUSED_FUNCTION = YES;
				GCC_WARN_UNUSED_VARIABLE = YES;
				IPHONEOS_DEPLOYMENT_TARGET = 10.3;
				MTL_ENABLE_DEBUG_INFO = NO;
				SDKROOT = iphoneos;
				SWIFT_OPTIMIZATION_LEVEL = "-Owholemodule";
				TARGETED_DEVICE_FAMILY = "1,2";
				VALIDATE_PRODUCT = YES;
			};
			name = Release;
		};
		E4A92EFD1E9B90C400F36D9A /* Debug */ = {
			isa = XCBuildConfiguration;
			baseConfigurationReference = 3709F8375473F454A1F1765C /* Pods-LoginForm.debug.xcconfig */;
			buildSettings = {
				ASSETCATALOG_COMPILER_APPICON_NAME = AppIcon;
				DEVELOPMENT_TEAM = 36CHZQXF4C;
				INFOPLIST_FILE = LoginForm/Info.plist;
				LD_RUNPATH_SEARCH_PATHS = "$(inherited) @executable_path/Frameworks";
				PRODUCT_BUNDLE_IDENTIFIER = "com.pgs-soft.LoginForm";
				PRODUCT_NAME = "$(TARGET_NAME)";
				SWIFT_VERSION = 3.0;
			};
			name = Debug;
		};
		E4A92EFE1E9B90C400F36D9A /* Release */ = {
			isa = XCBuildConfiguration;
			baseConfigurationReference = E8E216A66DF6A05160585EC0 /* Pods-LoginForm.release.xcconfig */;
			buildSettings = {
				ASSETCATALOG_COMPILER_APPICON_NAME = AppIcon;
				DEVELOPMENT_TEAM = 36CHZQXF4C;
				INFOPLIST_FILE = LoginForm/Info.plist;
				LD_RUNPATH_SEARCH_PATHS = "$(inherited) @executable_path/Frameworks";
				PRODUCT_BUNDLE_IDENTIFIER = "com.pgs-soft.LoginForm";
				PRODUCT_NAME = "$(TARGET_NAME)";
				SWIFT_VERSION = 3.0;
			};
			name = Release;
		};
		E4A92F001E9B90C400F36D9A /* Debug */ = {
			isa = XCBuildConfiguration;
			baseConfigurationReference = 0AE3F9B5D3C00B31C8A4FB02 /* Pods-LoginFormUITests.debug.xcconfig */;
			buildSettings = {
				ALWAYS_EMBED_SWIFT_STANDARD_LIBRARIES = YES;
				DEVELOPMENT_TEAM = 36CHZQXF4C;
				INFOPLIST_FILE = LoginFormUITests/Info.plist;
				LD_RUNPATH_SEARCH_PATHS = "$(inherited) @executable_path/Frameworks @loader_path/Frameworks";
				PRODUCT_BUNDLE_IDENTIFIER = "com.pgs-soft.LoginFormUITests";
				PRODUCT_NAME = "$(TARGET_NAME)";
				SWIFT_VERSION = 3.0;
				TEST_TARGET_NAME = LoginForm;
			};
			name = Debug;
		};
		E4A92F011E9B90C400F36D9A /* Release */ = {
			isa = XCBuildConfiguration;
			baseConfigurationReference = 4DEC4B659D61CA617B39312F /* Pods-LoginFormUITests.release.xcconfig */;
			buildSettings = {
				ALWAYS_EMBED_SWIFT_STANDARD_LIBRARIES = YES;
				DEVELOPMENT_TEAM = 36CHZQXF4C;
				INFOPLIST_FILE = LoginFormUITests/Info.plist;
				LD_RUNPATH_SEARCH_PATHS = "$(inherited) @executable_path/Frameworks @loader_path/Frameworks";
				PRODUCT_BUNDLE_IDENTIFIER = "com.pgs-soft.LoginFormUITests";
				PRODUCT_NAME = "$(TARGET_NAME)";
				SWIFT_VERSION = 3.0;
				TEST_TARGET_NAME = LoginForm;
			};
			name = Release;
		};
/* End XCBuildConfiguration section */

/* Begin XCConfigurationList section */
		E4A92EDA1E9B90C400F36D9A /* Build configuration list for PBXProject "LoginForm" */ = {
			isa = XCConfigurationList;
			buildConfigurations = (
				E4A92EFA1E9B90C400F36D9A /* Debug */,
				E4A92EFB1E9B90C400F36D9A /* Release */,
			);
			defaultConfigurationIsVisible = 0;
			defaultConfigurationName = Release;
		};
		E4A92EFC1E9B90C400F36D9A /* Build configuration list for PBXNativeTarget "LoginForm" */ = {
			isa = XCConfigurationList;
			buildConfigurations = (
				E4A92EFD1E9B90C400F36D9A /* Debug */,
				E4A92EFE1E9B90C400F36D9A /* Release */,
			);
			defaultConfigurationIsVisible = 0;
			defaultConfigurationName = Release;
		};
		E4A92EFF1E9B90C400F36D9A /* Build configuration list for PBXNativeTarget "LoginFormUITests" */ = {
			isa = XCConfigurationList;
			buildConfigurations = (
				E4A92F001E9B90C400F36D9A /* Debug */,
				E4A92F011E9B90C400F36D9A /* Release */,
			);
			defaultConfigurationIsVisible = 0;
			defaultConfigurationName = Release;
		};
/* End XCConfigurationList section */
	};
	rootObject = E4A92ED71E9B90C400F36D9A /* Project object */;
}
